
Microsoft Visual Studio Solution File, Format Version 12.00
# Visual Studio Version 17
VisualStudioVersion = 17.0.31903.59
MinimumVisualStudioVersion = 10.0.40219.1
Project("{FAE04EC0-301F-11D3-BF4B-00C04F79EFBC}") = "OrderService", "OrderService\OrderService.csproj", "{212290FF-C23C-472E-A1EF-2DDD8192BE5F}"
EndProject
Project("{FAE04EC0-301F-11D3-BF4B-00C04F79EFBC}") = "InventoryService", "InventoryService\InventoryService.csproj", "{D0D03851-108A-4174-82CC-34240929BA59}"
EndProject
Global
	GlobalSection(SolutionConfigurationPlatforms) = preSolution
		Debug|Any CPU = Debug|Any CPU
		Debug|x64 = Debug|x64
		Debug|x86 = Debug|x86
		Release|Any CPU = Release|Any CPU
		Release|x64 = Release|x64
		Release|x86 = Release|x86
	EndGlobalSection
	GlobalSection(ProjectConfigurationPlatforms) = postSolution
		{212290FF-C23C-472E-A1EF-2DDD8192BE5F}.Debug|Any CPU.ActiveCfg = Debug|Any CPU
		{212290FF-C23C-472E-A1EF-2DDD8192BE5F}.Debug|Any CPU.Build.0 = Debug|Any CPU
		{212290FF-C23C-472E-A1EF-2DDD8192BE5F}.Debug|x64.ActiveCfg = Debug|Any CPU
		{212290FF-C23C-472E-A1EF-2DDD8192BE5F}.Debug|x64.Build.0 = Debug|Any CPU
		{212290FF-C23C-472E-A1EF-2DDD8192BE5F}.Debug|x86.ActiveCfg = Debug|Any CPU
		{212290FF-C23C-472E-A1EF-2DDD8192BE5F}.Debug|x86.Build.0 = Debug|Any CPU
		{212290FF-C23C-472E-A1EF-2DDD8192BE5F}.Release|Any CPU.ActiveCfg = Release|Any CPU
		{212290FF-C23C-472E-A1EF-2DDD8192BE5F}.Release|Any CPU.Build.0 = Release|Any CPU
		{212290FF-C23C-472E-A1EF-2DDD8192BE5F}.Release|x64.ActiveCfg = Release|Any CPU
		{212290FF-C23C-472E-A1EF-2DDD8192BE5F}.Release|x64.Build.0 = Release|Any CPU
		{212290FF-C23C-472E-A1EF-2DDD8192BE5F}.Release|x86.ActiveCfg = Release|Any CPU
		{212290FF-C23C-472E-A1EF-2DDD8192BE5F}.Release|x86.Build.0 = Release|Any CPU
		{D0D03851-108A-4174-82CC-34240929BA59}.Debug|Any CPU.ActiveCfg = Debug|Any CPU
		{D0D03851-108A-4174-82CC-34240929BA59}.Debug|Any CPU.Build.0 = Debug|Any CPU
		{D0D03851-108A-4174-82CC-34240929BA59}.Debug|x64.ActiveCfg = Debug|Any CPU
		{D0D03851-108A-4174-82CC-34240929BA59}.Debug|x64.Build.0 = Debug|Any CPU
		{D0D03851-108A-4174-82CC-34240929BA59}.Debug|x86.ActiveCfg = Debug|Any CPU
		{D0D03851-108A-4174-82CC-34240929BA59}.Debug|x86.Build.0 = Debug|Any CPU
		{D0D03851-108A-4174-82CC-34240929BA59}.Release|Any CPU.ActiveCfg = Release|Any CPU
		{D0D03851-108A-4174-82CC-34240929BA59}.Release|Any CPU.Build.0 = Release|Any CPU
		{D0D03851-108A-4174-82CC-34240929BA59}.Release|x64.ActiveCfg = Release|Any CPU
		{D0D03851-108A-4174-82CC-34240929BA59}.Release|x64.Build.0 = Release|Any CPU
		{D0D03851-108A-4174-82CC-34240929BA59}.Release|x86.ActiveCfg = Release|Any CPU
		{D0D03851-108A-4174-82CC-34240929BA59}.Release|x86.Build.0 = Release|Any CPU
	EndGlobalSection
	GlobalSection(SolutionProperties) = preSolution
		HideSolutionNode = FALSE
	EndGlobalSection
EndGlobal
