Microsoft Visual Studio Solution File, Format Version 12.00
# Visual Studio Version 17
VisualStudioVersion = 17.8.0.0
MinimumVisualStudioVersion = 17.8.0.0
Project("{FAE04EC0-301F-11D3-BF4B-00C04F79EFBC}") = "InventoryService", "InventoryService\InventoryService.csproj", "{DEB5904D-AD32-4B08-8B87-836A7B0ACB9D}"
EndProject
Project("{FAE04EC0-301F-11D3-BF4B-00C04F79EFBC}") = "OrderService", "OrderService\OrderService.csproj", "{DA7856E6-110F-4579-B3A5-32F85130C26C}"
EndProject
Global
	GlobalSection(SolutionConfigurationPlatforms) = preSolution
		Debug|Any CPU = Debug|Any CPU
		Release|Any CPU = Release|Any CPU
	EndGlobalSection
	GlobalSection(ProjectConfigurationPlatforms) = postSolution
		{DEB5904D-AD32-4B08-8B87-836A7B0ACB9D}.Debug|Any CPU.ActiveCfg = Debug|Any CPU
		{DEB5904D-AD32-4B08-8B87-836A7B0ACB9D}.Debug|Any CPU.Build.0 = Debug|Any CPU
		{DEB5904D-AD32-4B08-8B87-836A7B0ACB9D}.Release|Any CPU.ActiveCfg = Release|Any CPU
		{DEB5904D-AD32-4B08-8B87-836A7B0ACB9D}.Release|Any CPU.Build.0 = Release|Any CPU
		{DA7856E6-110F-4579-B3A5-32F85130C26C}.Debug|Any CPU.ActiveCfg = Debug|Any CPU
		{DA7856E6-110F-4579-B3A5-32F85130C26C}.Debug|Any CPU.Build.0 = Debug|Any CPU
		{DA7856E6-110F-4579-B3A5-32F85130C26C}.Release|Any CPU.ActiveCfg = Release|Any CPU
		{DA7856E6-110F-4579-B3A5-32F85130C26C}.Release|Any CPU.Build.0 = Release|Any CPU
	EndGlobalSection
	GlobalSection(SolutionProperties) = preSolution
		HideSolutionNode = FALSE
	EndGlobalSection
	GlobalSection(ExtensibilityGlobals) = postSolution
		SolutionGuid = {8232D626-ED2D-403E-95DC-E0BFD031C04B}
	EndGlobalSection
EndGlobal
